version: 6
environments:
  default:
    channels:
    - url: https://conda.anaconda.org/conda-forge/
    indexes:
    - https://pypi.org/simple
    packages:
      osx-64:
      - conda: https://conda.anaconda.org/conda-forge/noarch/asttokens-3.0.0-pyhd8ed1ab_1.conda
      - conda: https://conda.anaconda.org/conda-forge/osx-64/brotli-python-1.1.0-py313h9ea2907_2.conda
      - conda: https://conda.anaconda.org/conda-forge/osx-64/bzip2-1.0.8-hfdf4475_7.conda
      - conda: https://conda.anaconda.org/conda-forge/osx-64/ca-certificates-2024.12.14-h8857fd0_0.conda
      - conda: https://conda.anaconda.org/conda-forge/noarch/certifi-2024.12.14-pyhd8ed1ab_0.conda
      - conda: https://conda.anaconda.org/conda-forge/osx-64/cffi-1.17.1-py313h49682b3_0.conda
      - conda: https://conda.anaconda.org/conda-forge/noarch/charset-normalizer-3.4.1-pyhd8ed1ab_0.conda
      - conda: https://conda.anaconda.org/conda-forge/noarch/decorator-5.1.1-pyhd8ed1ab_1.conda
      - conda: https://conda.anaconda.org/conda-forge/noarch/exceptiongroup-1.2.2-pyhd8ed1ab_1.conda
      - conda: https://conda.anaconda.org/conda-forge/noarch/executing-2.1.0-pyhd8ed1ab_1.conda
      - conda: https://conda.anaconda.org/conda-forge/noarch/h2-4.1.0-pyhd8ed1ab_1.conda
      - conda: https://conda.anaconda.org/conda-forge/noarch/hpack-4.0.0-pyhd8ed1ab_1.conda
      - conda: https://conda.anaconda.org/conda-forge/noarch/hyperframe-6.0.1-pyhd8ed1ab_1.conda
      - conda: https://conda.anaconda.org/conda-forge/noarch/idna-3.10-pyhd8ed1ab_1.conda
      - conda: https://conda.anaconda.org/conda-forge/noarch/ipython-8.31.0-pyh707e725_0.conda
      - conda: https://conda.anaconda.org/conda-forge/noarch/jedi-0.19.2-pyhd8ed1ab_1.conda
      - conda: https://conda.anaconda.org/conda-forge/osx-64/libblas-3.9.0-26_osx64_openblas.conda
      - conda: https://conda.anaconda.org/conda-forge/osx-64/libcblas-3.9.0-26_osx64_openblas.conda
      - conda: https://conda.anaconda.org/conda-forge/osx-64/libcxx-19.1.6-hf95d169_1.conda
      - conda: https://conda.anaconda.org/conda-forge/osx-64/libexpat-2.6.4-h240833e_0.conda
      - conda: https://conda.anaconda.org/conda-forge/osx-64/libffi-3.4.2-h0d85af4_5.tar.bz2
      - conda: https://conda.anaconda.org/conda-forge/osx-64/libgfortran-5.0.0-13_2_0_h97931a8_3.conda
      - conda: https://conda.anaconda.org/conda-forge/osx-64/libgfortran5-13.2.0-h2873a65_3.conda
      - conda: https://conda.anaconda.org/conda-forge/osx-64/liblapack-3.9.0-26_osx64_openblas.conda
      - conda: https://conda.anaconda.org/conda-forge/osx-64/liblzma-5.6.3-hd471939_1.conda
      - conda: https://conda.anaconda.org/conda-forge/osx-64/libmpdec-4.0.0-hfdf4475_0.conda
      - conda: https://conda.anaconda.org/conda-forge/osx-64/libopenblas-0.3.28-openmp_hbf64a52_1.conda
      - conda: https://conda.anaconda.org/conda-forge/osx-64/libsqlite-3.47.2-hdb6dae5_0.conda
      - conda: https://conda.anaconda.org/conda-forge/osx-64/libzlib-1.3.1-hd23fc13_2.conda
      - conda: https://conda.anaconda.org/conda-forge/osx-64/llvm-openmp-19.1.6-ha54dae1_0.conda
      - conda: https://conda.anaconda.org/conda-forge/noarch/markdown-it-py-3.0.0-pyhd8ed1ab_1.conda
      - conda: https://conda.anaconda.org/conda-forge/noarch/matplotlib-inline-0.1.7-pyhd8ed1ab_1.conda
      - conda: https://conda.anaconda.org/conda-forge/noarch/mdurl-0.1.2-pyhd8ed1ab_1.conda
      - conda: https://conda.anaconda.org/conda-forge/osx-64/ncurses-6.5-hf036a51_1.conda
      - conda: https://conda.anaconda.org/conda-forge/osx-64/numpy-2.2.1-py313h6ae94ac_0.conda
      - conda: https://conda.anaconda.org/conda-forge/osx-64/openssl-3.4.0-hc426f3f_1.conda
      - conda: https://conda.anaconda.org/conda-forge/osx-64/pandas-2.2.3-py313h38cdd20_1.conda
      - conda: https://conda.anaconda.org/conda-forge/noarch/parso-0.8.4-pyhd8ed1ab_1.conda
      - conda: https://conda.anaconda.org/conda-forge/noarch/pexpect-4.9.0-pyhd8ed1ab_1.conda
      - conda: https://conda.anaconda.org/conda-forge/noarch/pickleshare-0.7.5-pyhd8ed1ab_1004.conda
      - conda: https://conda.anaconda.org/conda-forge/noarch/pixi-pycharm-0.0.8-unix_1234567_0.conda
      - conda: https://conda.anaconda.org/conda-forge/noarch/prompt-toolkit-3.0.48-pyha770c72_1.conda
      - conda: https://conda.anaconda.org/conda-forge/noarch/ptyprocess-0.7.0-pyhd8ed1ab_1.conda
      - conda: https://conda.anaconda.org/conda-forge/noarch/pure_eval-0.2.3-pyhd8ed1ab_1.conda
      - conda: https://conda.anaconda.org/conda-forge/noarch/pycparser-2.22-pyh29332c3_1.conda
      - conda: https://conda.anaconda.org/conda-forge/noarch/pygments-2.19.1-pyhd8ed1ab_0.conda
      - conda: https://conda.anaconda.org/conda-forge/noarch/pysocks-1.7.1-pyha55dd90_7.conda
      - conda: https://conda.anaconda.org/conda-forge/osx-64/python-3.13.1-h2334245_104_cp313.conda
      - conda: https://conda.anaconda.org/conda-forge/noarch/python-dateutil-2.9.0.post0-pyhff2d567_1.conda
      - conda: https://conda.anaconda.org/conda-forge/noarch/python-tzdata-2024.2-pyhd8ed1ab_1.conda
      - conda: https://conda.anaconda.org/conda-forge/osx-64/python_abi-3.13-5_cp313.conda
      - conda: https://conda.anaconda.org/conda-forge/noarch/pytz-2024.1-pyhd8ed1ab_0.conda
      - conda: https://conda.anaconda.org/conda-forge/osx-64/readline-8.2-h9e318b2_1.conda
      - conda: https://conda.anaconda.org/conda-forge/noarch/requests-2.32.3-pyhd8ed1ab_1.conda
      - conda: https://conda.anaconda.org/conda-forge/noarch/rich-13.9.4-pyhd8ed1ab_1.conda
      - conda: https://conda.anaconda.org/conda-forge/noarch/six-1.17.0-pyhd8ed1ab_0.conda
      - conda: https://conda.anaconda.org/conda-forge/noarch/stack_data-0.6.3-pyhd8ed1ab_1.conda
      - conda: https://conda.anaconda.org/conda-forge/osx-64/tk-8.6.13-h1abcd95_1.conda
      - conda: https://conda.anaconda.org/conda-forge/noarch/traitlets-5.14.3-pyhd8ed1ab_1.conda
      - conda: https://conda.anaconda.org/conda-forge/noarch/typing_extensions-4.12.2-pyha770c72_1.conda
      - conda: https://conda.anaconda.org/conda-forge/noarch/tzdata-2024b-hc8b5060_0.conda
      - conda: https://conda.anaconda.org/conda-forge/noarch/urllib3-2.3.0-pyhd8ed1ab_0.conda
      - conda: https://conda.anaconda.org/conda-forge/noarch/wcwidth-0.2.13-pyhd8ed1ab_1.conda
      - conda: https://conda.anaconda.org/conda-forge/osx-64/zstandard-0.23.0-py313hab0894d_1.conda
      - conda: https://conda.anaconda.org/conda-forge/osx-64/zstd-1.5.6-h915ae27_0.conda
      - pypi: .
packages:
- conda: https://conda.anaconda.org/conda-forge/noarch/asttokens-3.0.0-pyhd8ed1ab_1.conda
  sha256: 93b14414b3b3ed91e286e1cbe4e7a60c4e1b1c730b0814d1e452a8ac4b9af593
  md5: 8f587de4bcf981e26228f268df374a9b
  depends:
  - python >=3.9
  constrains:
  - astroid >=2,<4
  license: Apache-2.0
  license_family: Apache
  purls:
  - pkg:pypi/asttokens?source=hash-mapping
  size: 28206
  timestamp: 1733250564754
- conda: https://conda.anaconda.org/conda-forge/osx-64/brotli-python-1.1.0-py313h9ea2907_2.conda
  sha256: a8ff547af4de5d2d6cb84543a73f924dbbd60029920dbadc27298ea0b48f28bc
  md5: 38ab121f341a1d8613c3898f36efecab
  depends:
  - __osx >=10.13
  - libcxx >=17
  - python >=3.13.0rc1,<3.14.0a0
  - python_abi 3.13.* *_cp313
  constrains:
  - libbrotlicommon 1.1.0 h00291cd_2
  license: MIT
  license_family: MIT
  purls:
  - pkg:pypi/brotli?source=hash-mapping
  size: 363156
  timestamp: 1725268004102
- conda: https://conda.anaconda.org/conda-forge/osx-64/bzip2-1.0.8-hfdf4475_7.conda
  sha256: cad153608b81fb24fc8c509357daa9ae4e49dfc535b2cb49b91e23dbd68fc3c5
  md5: 7ed4301d437b59045be7e051a0308211
  depends:
  - __osx >=10.13
  license: bzip2-1.0.6
  license_family: BSD
  purls: []
  size: 134188
  timestamp: 1720974491916
- conda: https://conda.anaconda.org/conda-forge/osx-64/ca-certificates-2024.12.14-h8857fd0_0.conda
  sha256: ddaafdcd1b8ace6ffeea22b6824ca9db8a64cf0a2652a11d7554ece54935fa06
  md5: b7b887091c99ed2e74845e75e9128410
  license: ISC
  purls: []
  size: 156925
  timestamp: 1734208413176
- conda: https://conda.anaconda.org/conda-forge/noarch/certifi-2024.12.14-pyhd8ed1ab_0.conda
  sha256: 048c16a9cbcb1fbad02083414d3bc7c1d0eea4b39aee6aa6bf8d1d5089ca8bad
  md5: 6feb87357ecd66733be3279f16a8c400
  depends:
  - python >=3.9
  license: ISC
  purls:
  - pkg:pypi/certifi?source=hash-mapping
  size: 161642
  timestamp: 1734380604767
- conda: https://conda.anaconda.org/conda-forge/osx-64/cffi-1.17.1-py313h49682b3_0.conda
  sha256: 660c8f8488f78c500a1bb4a803c31403104b1ee2cabf1476a222a3b8abf5a4d7
  md5: 98afc301e6601a3480f9e0b9f8867ee0
  depends:
  - __osx >=10.13
  - libffi >=3.4,<4.0a0
  - pycparser
  - python >=3.13.0rc1,<3.14.0a0
  - python_abi 3.13.* *_cp313
  license: MIT
  license_family: MIT
  purls:
  - pkg:pypi/cffi?source=hash-mapping
  size: 284540
  timestamp: 1725560667915
- conda: https://conda.anaconda.org/conda-forge/noarch/charset-normalizer-3.4.1-pyhd8ed1ab_0.conda
  sha256: 4e0ee91b97e5de3e74567bdacea27f0139709fceca4db8adffbe24deffccb09b
  md5: e83a31202d1c0a000fce3e9cf3825875
  depends:
  - python >=3.9
  license: MIT
  license_family: MIT
  purls:
  - pkg:pypi/charset-normalizer?source=hash-mapping
  size: 47438
  timestamp: 1735929811779
- conda: https://conda.anaconda.org/conda-forge/noarch/decorator-5.1.1-pyhd8ed1ab_1.conda
  sha256: 84e5120c97502a3785e8c3241c3bf51f64b4d445f13b4d2445db00d9816fe479
  md5: d622d8d7ee8868870f9cbe259f381181
  depends:
  - python >=3.9
  license: BSD-2-Clause
  license_family: BSD
  purls:
  - pkg:pypi/decorator?source=hash-mapping
  size: 14068
  timestamp: 1733236549190
- conda: https://conda.anaconda.org/conda-forge/noarch/exceptiongroup-1.2.2-pyhd8ed1ab_1.conda
  sha256: cbde2c64ec317118fc06b223c5fd87c8a680255e7348dd60e7b292d2e103e701
  md5: a16662747cdeb9abbac74d0057cc976e
  depends:
  - python >=3.9
  license: MIT and PSF-2.0
  purls:
  - pkg:pypi/exceptiongroup?source=compressed-mapping
  size: 20486
  timestamp: 1733208916977
- conda: https://conda.anaconda.org/conda-forge/noarch/executing-2.1.0-pyhd8ed1ab_1.conda
  sha256: 28d25ea375ebab4bf7479228f8430db20986187b04999136ff5c722ebd32eb60
  md5: ef8b5fca76806159fc25b4f48d8737eb
  depends:
  - python >=3.9
  license: MIT
  license_family: MIT
  purls:
  - pkg:pypi/executing?source=hash-mapping
  size: 28348
  timestamp: 1733569440265
- pypi: .
  name: extractoxpy
  version: 0.0.0.9000
  sha256: 0d4119d1f3df69dbbc79f3a282cfca4abe1c821dce0ced582d012692ae549431
  requires_dist:
  - requests>=2.32.3,<3.0.0
  - pandas>=2.2.3,<3
  requires_python: '>=3.11'
  editable: true
- conda: https://conda.anaconda.org/conda-forge/noarch/h2-4.1.0-pyhd8ed1ab_1.conda
  sha256: 843ddad410c370672a8250470697027618f104153612439076d4d7b91eeb7b5c
  md5: 825927dc7b0f287ef8d4d0011bb113b1
  depends:
  - hpack >=4.0,<5
  - hyperframe >=6.0,<7
  - python >=3.9
  license: MIT
  license_family: MIT
  purls:
  - pkg:pypi/h2?source=hash-mapping
  size: 52000
  timestamp: 1733298867359
- conda: https://conda.anaconda.org/conda-forge/noarch/hpack-4.0.0-pyhd8ed1ab_1.conda
  sha256: ec89b7e5b8aa2f0219f666084446e1fb7b54545861e9caa892acb24d125761b5
  md5: 2aa5ff7fa34a81b9196532c84c10d865
  depends:
  - python >=3.9
  license: MIT
  license_family: MIT
  purls:
  - pkg:pypi/hpack?source=hash-mapping
  size: 29412
  timestamp: 1733299296857
- conda: https://conda.anaconda.org/conda-forge/noarch/hyperframe-6.0.1-pyhd8ed1ab_1.conda
  sha256: e91c6ef09d076e1d9a02819cd00fa7ee18ecf30cdd667605c853980216584d1b
  md5: 566e75c90c1d0c8c459eb0ad9833dc7a
  depends:
  - python >=3.9
  license: MIT
  license_family: MIT
  purls:
  - pkg:pypi/hyperframe?source=hash-mapping
  size: 17239
  timestamp: 1733298862681
- conda: https://conda.anaconda.org/conda-forge/noarch/idna-3.10-pyhd8ed1ab_1.conda
  sha256: d7a472c9fd479e2e8dcb83fb8d433fce971ea369d704ece380e876f9c3494e87
  md5: 39a4f67be3286c86d696df570b1201b7
  depends:
  - python >=3.9
  license: BSD-3-Clause
  license_family: BSD
  purls:
  - pkg:pypi/idna?source=hash-mapping
  size: 49765
  timestamp: 1733211921194
- conda: https://conda.anaconda.org/conda-forge/noarch/ipython-8.31.0-pyh707e725_0.conda
  sha256: e10d1172ebf950f8f087f0d9310d215f5ddb8f3ad247bfa58ab5a909b3cabbdc
  md5: 1d7fcd803dfa936a6c3bd051b293241c
  depends:
  - __unix
  - decorator
  - exceptiongroup
  - jedi >=0.16
  - matplotlib-inline
  - pexpect >4.3
  - pickleshare
  - prompt-toolkit >=3.0.41,<3.1.0
  - pygments >=2.4.0
  - python >=3.10
  - stack_data
  - traitlets >=5.13.0
  - typing_extensions >=4.6
  license: BSD-3-Clause
  license_family: BSD
  purls:
  - pkg:pypi/ipython?source=hash-mapping
  size: 600761
  timestamp: 1734788248334
- conda: https://conda.anaconda.org/conda-forge/noarch/jedi-0.19.2-pyhd8ed1ab_1.conda
  sha256: 92c4d217e2dc68983f724aa983cca5464dcb929c566627b26a2511159667dba8
  md5: a4f4c5dc9b80bc50e0d3dc4e6e8f1bd9
  depends:
  - parso >=0.8.3,<0.9.0
  - python >=3.9
  license: Apache-2.0 AND MIT
  purls:
  - pkg:pypi/jedi?source=hash-mapping
  size: 843646
  timestamp: 1733300981994
- conda: https://conda.anaconda.org/conda-forge/osx-64/libblas-3.9.0-26_osx64_openblas.conda
  build_number: 26
  sha256: 4e860b60c06be04f2c37c45def870e4ea5268f568547b80a8f69ad6ecddb6f31
  md5: 2f03da7a6d52d98bbea1f7390d6997bf
  depends:
  - libopenblas >=0.3.28,<0.3.29.0a0
  - libopenblas >=0.3.28,<1.0a0
  constrains:
  - libcblas 3.9.0 26_osx64_openblas
  - liblapack 3.9.0 26_osx64_openblas
  - blas * openblas
  - liblapacke 3.9.0 26_osx64_openblas
  license: BSD-3-Clause
  license_family: BSD
  purls: []
  size: 16611
  timestamp: 1734432938741
- conda: https://conda.anaconda.org/conda-forge/osx-64/libcblas-3.9.0-26_osx64_openblas.conda
  build_number: 26
  sha256: 4d5dd9aeca2fa37f01d6c0bdbafba0e4f8b6601758239fa85d0640d012a151d6
  md5: 8726a2949c303b23da89be658a19675c
  depends:
  - libblas 3.9.0 26_osx64_openblas
  constrains:
  - liblapack 3.9.0 26_osx64_openblas
  - blas * openblas
  - liblapacke 3.9.0 26_osx64_openblas
  license: BSD-3-Clause
  license_family: BSD
  purls: []
  size: 16579
  timestamp: 1734432954376
- conda: https://conda.anaconda.org/conda-forge/osx-64/libcxx-19.1.6-hf95d169_1.conda
  sha256: c40661648c34c08e21b69e0eec021ccaf090ffff070d2a9cbcb1519e1b310568
  md5: 1bad6c181a0799298aad42fc5a7e98b7
  depends:
  - __osx >=10.13
  license: Apache-2.0 WITH LLVM-exception
  license_family: Apache
  purls: []
  size: 527370
  timestamp: 1734494305140
- conda: https://conda.anaconda.org/conda-forge/osx-64/libexpat-2.6.4-h240833e_0.conda
  sha256: d10f43d0c5df6c8cf55259bce0fe14d2377eed625956cddce06f58827d288c59
  md5: 20307f4049a735a78a29073be1be2626
  depends:
  - __osx >=10.13
  constrains:
  - expat 2.6.4.*
  license: MIT
  license_family: MIT
  purls: []
  size: 70758
  timestamp: 1730967204736
- conda: https://conda.anaconda.org/conda-forge/osx-64/libffi-3.4.2-h0d85af4_5.tar.bz2
  sha256: 7a2d27a936ceee6942ea4d397f9c7d136f12549d86f7617e8b6bad51e01a941f
  md5: ccb34fb14960ad8b125962d3d79b31a9
  license: MIT
  license_family: MIT
  purls: []
  size: 51348
  timestamp: 1636488394370
- conda: https://conda.anaconda.org/conda-forge/osx-64/libgfortran-5.0.0-13_2_0_h97931a8_3.conda
  sha256: 4874422e567b68334705c135c17e5acdca1404de8255673ce30ad3510e00be0d
  md5: 0b6e23a012ee7a9a5f6b244f5a92c1d5
  depends:
  - libgfortran5 13.2.0 h2873a65_3
  license: GPL-3.0-only WITH GCC-exception-3.1
  license_family: GPL
  purls: []
  size: 110106
  timestamp: 1707328956438
- conda: https://conda.anaconda.org/conda-forge/osx-64/libgfortran5-13.2.0-h2873a65_3.conda
  sha256: da3db4b947e30aec7596a3ef92200d17e774cccbbf7efc47802529a4ca5ca31b
  md5: e4fb4d23ec2870ff3c40d10afe305aec
  depends:
  - llvm-openmp >=8.0.0
  constrains:
  - libgfortran 5.0.0 13_2_0_*_3
  license: GPL-3.0-only WITH GCC-exception-3.1
  license_family: GPL
  purls: []
  size: 1571379
  timestamp: 1707328880361
- conda: https://conda.anaconda.org/conda-forge/osx-64/liblapack-3.9.0-26_osx64_openblas.conda
  build_number: 26
  sha256: 166b07a129d122dbe90b06b582b5c29fbe5b958547fb474ca497cb084846810d
  md5: c0c54bb6382ff1e52bf08f1da539e9b4
  depends:
  - libblas 3.9.0 26_osx64_openblas
  constrains:
  - libcblas 3.9.0 26_osx64_openblas
  - blas * openblas
  - liblapacke 3.9.0 26_osx64_openblas
  license: BSD-3-Clause
  license_family: BSD
  purls: []
  size: 16588
  timestamp: 1734432968940
- conda: https://conda.anaconda.org/conda-forge/osx-64/liblzma-5.6.3-hd471939_1.conda
  sha256: c70639ff3cb034a8e31cb081c907879b6a639bb12b0e090069a68eb69125b10e
  md5: f9e9205fed9c664421c1c09f0b90ce6d
  depends:
  - __osx >=10.13
  license: 0BSD
  purls: []
  size: 103745
  timestamp: 1733407504892
- conda: https://conda.anaconda.org/conda-forge/osx-64/libmpdec-4.0.0-hfdf4475_0.conda
  sha256: 791be3d30d8e37ec49bcc23eb8f1e1415d911a7c023fa93685f2ea485179e258
  md5: ed625b2e59dff82859c23dd24774156b
  depends:
  - __osx >=10.13
  license: BSD-2-Clause
  license_family: BSD
  purls: []
  size: 76561
  timestamp: 1723817691512
- conda: https://conda.anaconda.org/conda-forge/osx-64/libopenblas-0.3.28-openmp_hbf64a52_1.conda
  sha256: cef5856952688ce9303f85f5bc62c99e8c2256b4c679f63afdfb381f222e90c7
  md5: cd2c572c02a73b88c4d378eb31110e85
  depends:
  - __osx >=10.13
  - libgfortran 5.*
  - libgfortran5 >=13.2.0
  - llvm-openmp >=18.1.8
  constrains:
  - openblas >=0.3.28,<0.3.29.0a0
  license: BSD-3-Clause
  license_family: BSD
  purls: []
  size: 6165715
  timestamp: 1730773348340
- conda: https://conda.anaconda.org/conda-forge/osx-64/libsqlite-3.47.2-hdb6dae5_0.conda
  sha256: 4d5e188d921f93c97ce172fc8c4341e8171670ec98d76f9961f65f6306fcda77
  md5: 44d9799fda97eb34f6d88ac1e3eb0ea6
  depends:
  - __osx >=10.13
  - libzlib >=1.3.1,<2.0a0
  license: Unlicense
  purls: []
  size: 923167
  timestamp: 1733761860127
- conda: https://conda.anaconda.org/conda-forge/osx-64/libzlib-1.3.1-hd23fc13_2.conda
  sha256: 8412f96504fc5993a63edf1e211d042a1fd5b1d51dedec755d2058948fcced09
  md5: 003a54a4e32b02f7355b50a837e699da
  depends:
  - __osx >=10.13
  constrains:
  - zlib 1.3.1 *_2
  license: Zlib
  license_family: Other
  purls: []
  size: 57133
  timestamp: 1727963183990
- conda: https://conda.anaconda.org/conda-forge/osx-64/llvm-openmp-19.1.6-ha54dae1_0.conda
  sha256: f79a1d6f8b2f6044eda1b1251c9bf49f4e11ae644e609e47486561a7eca437fd
  md5: 4fe4d62071f8a3322ffb6588b49ccbb8
  depends:
  - __osx >=10.13
  constrains:
  - openmp 19.1.6|19.1.6.*
  license: Apache-2.0 WITH LLVM-exception
  license_family: APACHE
  purls: []
  size: 305048
  timestamp: 1734520356844
- conda: https://conda.anaconda.org/conda-forge/noarch/markdown-it-py-3.0.0-pyhd8ed1ab_1.conda
  sha256: 0fbacdfb31e55964152b24d5567e9a9996e1e7902fb08eb7d91b5fd6ce60803a
  md5: fee3164ac23dfca50cfcc8b85ddefb81
  depends:
  - mdurl >=0.1,<1
  - python >=3.9
  license: MIT
  license_family: MIT
  purls:
  - pkg:pypi/markdown-it-py?source=hash-mapping
  size: 64430
  timestamp: 1733250550053
- conda: https://conda.anaconda.org/conda-forge/noarch/matplotlib-inline-0.1.7-pyhd8ed1ab_1.conda
  sha256: 69b7dc7131703d3d60da9b0faa6dd8acbf6f6c396224cf6aef3e855b8c0c41c6
  md5: af6ab708897df59bd6e7283ceab1b56b
  depends:
  - python >=3.9
  - traitlets
  license: BSD-3-Clause
  license_family: BSD
  purls:
  - pkg:pypi/matplotlib-inline?source=hash-mapping
  size: 14467
  timestamp: 1733417051523
- conda: https://conda.anaconda.org/conda-forge/noarch/mdurl-0.1.2-pyhd8ed1ab_1.conda
  sha256: 78c1bbe1723449c52b7a9df1af2ee5f005209f67e40b6e1d3c7619127c43b1c7
  md5: 592132998493b3ff25fd7479396e8351
  depends:
  - python >=3.9
  license: MIT
  license_family: MIT
  purls:
  - pkg:pypi/mdurl?source=hash-mapping
  size: 14465
  timestamp: 1733255681319
- conda: https://conda.anaconda.org/conda-forge/osx-64/ncurses-6.5-hf036a51_1.conda
  sha256: b0b3180039ef19502525a2abd5833c00f9624af830fd391f851934d57bffb9af
  md5: e102bbf8a6ceeaf429deab8032fc8977
  depends:
  - __osx >=10.13
  license: X11 AND BSD-3-Clause
  purls: []
  size: 822066
  timestamp: 1724658603042
- conda: https://conda.anaconda.org/conda-forge/osx-64/numpy-2.2.1-py313h6ae94ac_0.conda
  sha256: 0eb6d653ab2c4f6c3718fa0bcbf4b5feb132dc6c27c3befb4a98ebfd9ffcf36f
  md5: b2e20a8de4f49e1d55ec3e10b73840c1
  depends:
  - __osx >=10.13
  - libblas >=3.9.0,<4.0a0
  - libcblas >=3.9.0,<4.0a0
  - libcxx >=18
  - liblapack >=3.9.0,<4.0a0
  - python >=3.13,<3.14.0a0
  - python_abi 3.13.* *_cp313
  constrains:
  - numpy-base <0a0
  license: BSD-3-Clause
  license_family: BSD
  purls:
  - pkg:pypi/numpy?source=hash-mapping
  size: 7643198
  timestamp: 1734904720875
- conda: https://conda.anaconda.org/conda-forge/osx-64/openssl-3.4.0-hc426f3f_1.conda
  sha256: 879a960d586cf8a64131ac0c060ef575cfb8aa9f6813093cba92042a86ee867c
  md5: eaae23dbfc9ec84775097898526c72ea
  depends:
  - __osx >=10.13
  - ca-certificates
  license: Apache-2.0
  license_family: Apache
  purls: []
  size: 2590210
  timestamp: 1736086530077
- conda: https://conda.anaconda.org/conda-forge/osx-64/pandas-2.2.3-py313h38cdd20_1.conda
  sha256: baf98a0c2a15a3169b7c0443c04b37b489575477f5cf443146f283e1259de01f
  md5: ab61fb255c951a0514616e92dd2e18b2
  depends:
  - __osx >=10.13
  - libcxx >=17
  - numpy >=1.21,<3
  - numpy >=1.22.4
  - python >=3.13.0rc2,<3.14.0a0
  - python-dateutil >=2.8.1
  - python-tzdata >=2022a
  - python_abi 3.13.* *_cp313
  - pytz >=2020.1,<2024.2
  license: BSD-3-Clause
  license_family: BSD
  purls:
  - pkg:pypi/pandas?source=hash-mapping
  size: 14632093
  timestamp: 1726878912764
- conda: https://conda.anaconda.org/conda-forge/noarch/parso-0.8.4-pyhd8ed1ab_1.conda
  sha256: 17131120c10401a99205fc6fe436e7903c0fa092f1b3e80452927ab377239bcc
  md5: 5c092057b6badd30f75b06244ecd01c9
  depends:
  - python >=3.9
  license: MIT
  license_family: MIT
  purls:
  - pkg:pypi/parso?source=hash-mapping
  size: 75295
  timestamp: 1733271352153
- conda: https://conda.anaconda.org/conda-forge/noarch/pexpect-4.9.0-pyhd8ed1ab_1.conda
  sha256: 202af1de83b585d36445dc1fda94266697341994d1a3328fabde4989e1b3d07a
  md5: d0d408b1f18883a944376da5cf8101ea
  depends:
  - ptyprocess >=0.5
  - python >=3.9
  license: ISC
  purls:
  - pkg:pypi/pexpect?source=hash-mapping
  size: 53561
  timestamp: 1733302019362
- conda: https://conda.anaconda.org/conda-forge/noarch/pickleshare-0.7.5-pyhd8ed1ab_1004.conda
  sha256: e2ac3d66c367dada209fc6da43e645672364b9fd5f9d28b9f016e24b81af475b
  md5: 11a9d1d09a3615fc07c3faf79bc0b943
  depends:
  - python >=3.9
  license: MIT
  license_family: MIT
  purls:
  - pkg:pypi/pickleshare?source=hash-mapping
  size: 11748
  timestamp: 1733327448200
- conda: https://conda.anaconda.org/conda-forge/noarch/pixi-pycharm-0.0.8-unix_1234567_0.conda
  sha256: 1d59b9dc7d922846f594fc17d9ea034f569d7e6946eaa06a98474bee2f413b66
  md5: 94373edcca5bd8582588c658859b8f70
  depends:
  - __unix
  - python >=3.8
  license: BSD-3-Clause
  license_family: BSD
  purls: []
  size: 8861
  timestamp: 1728816803073
- conda: https://conda.anaconda.org/conda-forge/noarch/prompt-toolkit-3.0.48-pyha770c72_1.conda
  sha256: 79fb7d1eeb490d4cc1b79f781bb59fe302ae38cf0a30907ecde75a7d399796cc
  md5: 368d4aa48358439e07a97ae237491785
  depends:
  - python >=3.9
  - wcwidth
  constrains:
  - prompt_toolkit 3.0.48
  license: BSD-3-Clause
  license_family: BSD
  purls:
  - pkg:pypi/prompt-toolkit?source=hash-mapping
  size: 269848
  timestamp: 1733302634979
- conda: https://conda.anaconda.org/conda-forge/noarch/ptyprocess-0.7.0-pyhd8ed1ab_1.conda
  sha256: a7713dfe30faf17508ec359e0bc7e0983f5d94682492469bd462cdaae9c64d83
  md5: 7d9daffbb8d8e0af0f769dbbcd173a54
  depends:
  - python >=3.9
  license: ISC
  purls:
  - pkg:pypi/ptyprocess?source=hash-mapping
  size: 19457
  timestamp: 1733302371990
- conda: https://conda.anaconda.org/conda-forge/noarch/pure_eval-0.2.3-pyhd8ed1ab_1.conda
  sha256: 71bd24600d14bb171a6321d523486f6a06f855e75e547fa0cb2a0953b02047f0
  md5: 3bfdfb8dbcdc4af1ae3f9a8eb3948f04
  depends:
  - python >=3.9
  license: MIT
  license_family: MIT
  purls:
  - pkg:pypi/pure-eval?source=hash-mapping
  size: 16668
  timestamp: 1733569518868
- conda: https://conda.anaconda.org/conda-forge/noarch/pycparser-2.22-pyh29332c3_1.conda
  sha256: 79db7928d13fab2d892592223d7570f5061c192f27b9febd1a418427b719acc6
  md5: 12c566707c80111f9799308d9e265aef
  depends:
  - python >=3.9
  - python
  license: BSD-3-Clause
  license_family: BSD
  purls: []
  size: 110100
  timestamp: 1733195786147
- conda: https://conda.anaconda.org/conda-forge/noarch/pygments-2.19.1-pyhd8ed1ab_0.conda
  sha256: 28a3e3161390a9d23bc02b4419448f8d27679d9e2c250e29849e37749c8de86b
  md5: 232fb4577b6687b2d503ef8e254270c9
  depends:
  - python >=3.9
  license: BSD-2-Clause
  license_family: BSD
  purls:
  - pkg:pypi/pygments?source=hash-mapping
  size: 888600
  timestamp: 1736243563082
- conda: https://conda.anaconda.org/conda-forge/noarch/pysocks-1.7.1-pyha55dd90_7.conda
  sha256: ba3b032fa52709ce0d9fd388f63d330a026754587a2f461117cac9ab73d8d0d8
  md5: 461219d1a5bd61342293efa2c0c90eac
  depends:
  - __unix
  - python >=3.9
  license: BSD-3-Clause
  license_family: BSD
  purls:
  - pkg:pypi/pysocks?source=hash-mapping
  size: 21085
  timestamp: 1733217331982
- conda: https://conda.anaconda.org/conda-forge/osx-64/python-3.13.1-h2334245_104_cp313.conda
  build_number: 104
  sha256: 8f217e655a6c8b70d29141dc44ec7f65912810d736ff2ea4cb07afe981b08650
  md5: 9c1422b063e09c3b61af2d08db48c121
  depends:
  - __osx >=10.13
  - bzip2 >=1.0.8,<2.0a0
  - libexpat >=2.6.4,<3.0a0
  - libffi >=3.4,<4.0a0
  - liblzma >=5.6.3,<6.0a0
  - libmpdec >=4.0.0,<5.0a0
  - libsqlite >=3.47.2,<4.0a0
  - libzlib >=1.3.1,<2.0a0
  - ncurses >=6.5,<7.0a0
  - openssl >=3.4.0,<4.0a0
  - python_abi 3.13.* *_cp313
  - readline >=8.2,<9.0a0
  - tk >=8.6.13,<8.7.0a0
  - tzdata
  license: Python-2.0
  purls: []
  size: 12674290
  timestamp: 1736328888336
  python_site_packages_path: lib/python3.13/site-packages
- conda: https://conda.anaconda.org/conda-forge/noarch/python-dateutil-2.9.0.post0-pyhff2d567_1.conda
  sha256: a50052536f1ef8516ed11a844f9413661829aa083304dc624c5925298d078d79
  md5: 5ba79d7c71f03c678c8ead841f347d6e
  depends:
  - python >=3.9
  - six >=1.5
  license: Apache-2.0
  license_family: APACHE
  purls:
  - pkg:pypi/python-dateutil?source=hash-mapping
  size: 222505
  timestamp: 1733215763718
- conda: https://conda.anaconda.org/conda-forge/noarch/python-tzdata-2024.2-pyhd8ed1ab_1.conda
  sha256: 57c9a02ec25926fb48edca59b9ede107823e5d5c473b94a0e05cc0b9a193a642
  md5: c0def296b2f6d2dd7b030c2a7f66bb1f
  depends:
  - python >=3.9
  license: Apache-2.0
  license_family: APACHE
  purls:
  - pkg:pypi/tzdata?source=hash-mapping
  size: 142235
  timestamp: 1733235414217
- conda: https://conda.anaconda.org/conda-forge/osx-64/python_abi-3.13-5_cp313.conda
  build_number: 5
  sha256: 075ad768648e88b78d2a94099563b43d3082e7c35979f457164f26d1079b7b5c
  md5: 927a2186f1f997ac018d67c4eece90a6
  constrains:
  - python 3.13.* *_cp313
  license: BSD-3-Clause
  license_family: BSD
  purls: []
  size: 6291
  timestamp: 1723823083064
- conda: https://conda.anaconda.org/conda-forge/noarch/pytz-2024.1-pyhd8ed1ab_0.conda
  sha256: 1a7d6b233f7e6e3bbcbad054c8fd51e690a67b129a899a056a5e45dd9f00cb41
  md5: 3eeeeb9e4827ace8c0c1419c85d590ad
  depends:
  - python >=3.7
  license: MIT
  license_family: MIT
  purls:
  - pkg:pypi/pytz?source=hash-mapping
  size: 188538
  timestamp: 1706886944988
- conda: https://conda.anaconda.org/conda-forge/osx-64/readline-8.2-h9e318b2_1.conda
  sha256: 41e7d30a097d9b060037f0c6a2b1d4c4ae7e942c06c943d23f9d481548478568
  md5: f17f77f2acf4d344734bda76829ce14e
  depends:
  - ncurses >=6.3,<7.0a0
  license: GPL-3.0-only
  license_family: GPL
  purls: []
  size: 255870
  timestamp: 1679532707590
- conda: https://conda.anaconda.org/conda-forge/noarch/requests-2.32.3-pyhd8ed1ab_1.conda
  sha256: d701ca1136197aa121bbbe0e8c18db6b5c94acbd041c2b43c70e5ae104e1d8ad
  md5: a9b9368f3701a417eac9edbcae7cb737
  depends:
  - certifi >=2017.4.17
  - charset-normalizer >=2,<4
  - idna >=2.5,<4
  - python >=3.9
  - urllib3 >=1.21.1,<3
  constrains:
  - chardet >=3.0.2,<6
  license: Apache-2.0
  license_family: APACHE
  purls:
  - pkg:pypi/requests?source=compressed-mapping
  size: 58723
  timestamp: 1733217126197
- conda: https://conda.anaconda.org/conda-forge/noarch/rich-13.9.4-pyhd8ed1ab_1.conda
  sha256: 06a760c5ae572e72e865d5a87e9fe3cc171e1a9c996e63daf3db52ff1a0b4457
  md5: 7aed65d4ff222bfb7335997aa40b7da5
  depends:
  - markdown-it-py >=2.2.0
  - pygments >=2.13.0,<3.0.0
  - python >=3.9
  - typing_extensions >=4.0.0,<5.0.0
  license: MIT
  license_family: MIT
  purls:
  - pkg:pypi/rich?source=hash-mapping
  size: 185646
  timestamp: 1733342347277
- conda: https://conda.anaconda.org/conda-forge/noarch/six-1.17.0-pyhd8ed1ab_0.conda
  sha256: 41db0180680cc67c3fa76544ffd48d6a5679d96f4b71d7498a759e94edc9a2db
  md5: a451d576819089b0d672f18768be0f65
  depends:
  - python >=3.9
  license: MIT
  license_family: MIT
  purls:
  - pkg:pypi/six?source=hash-mapping
  size: 16385
  timestamp: 1733381032766
- conda: https://conda.anaconda.org/conda-forge/noarch/stack_data-0.6.3-pyhd8ed1ab_1.conda
  sha256: 570da295d421661af487f1595045760526964f41471021056e993e73089e9c41
  md5: b1b505328da7a6b246787df4b5a49fbc
  depends:
  - asttokens
  - executing
  - pure_eval
  - python >=3.9
  license: MIT
  license_family: MIT
  purls:
  - pkg:pypi/stack-data?source=hash-mapping
  size: 26988
  timestamp: 1733569565672
- conda: https://conda.anaconda.org/conda-forge/osx-64/tk-8.6.13-h1abcd95_1.conda
  sha256: 30412b2e9de4ff82d8c2a7e5d06a15f4f4fef1809a72138b6ccb53a33b26faf5
  md5: bf830ba5afc507c6232d4ef0fb1a882d
  depends:
  - libzlib >=1.2.13,<2.0.0a0
  license: TCL
  license_family: BSD
  purls: []
  size: 3270220
  timestamp: 1699202389792
- conda: https://conda.anaconda.org/conda-forge/noarch/traitlets-5.14.3-pyhd8ed1ab_1.conda
  sha256: f39a5620c6e8e9e98357507262a7869de2ae8cc07da8b7f84e517c9fd6c2b959
  md5: 019a7385be9af33791c989871317e1ed
  depends:
  - python >=3.9
  license: BSD-3-Clause
  license_family: BSD
  purls:
  - pkg:pypi/traitlets?source=hash-mapping
  size: 110051
  timestamp: 1733367480074
- conda: https://conda.anaconda.org/conda-forge/noarch/typing_extensions-4.12.2-pyha770c72_1.conda
  sha256: 337be7af5af8b2817f115b3b68870208b30c31d3439bec07bfb2d8f4823e3568
  md5: d17f13df8b65464ca316cbc000a3cb64
  depends:
  - python >=3.9
  license: PSF-2.0
  license_family: PSF
  purls:
  - pkg:pypi/typing-extensions?source=compressed-mapping
  size: 39637
  timestamp: 1733188758212
- conda: https://conda.anaconda.org/conda-forge/noarch/tzdata-2024b-hc8b5060_0.conda
  sha256: 4fde5c3008bf5d2db82f2b50204464314cc3c91c1d953652f7bd01d9e52aefdf
  md5: 8ac3367aafb1cc0a068483c580af8015
  license: LicenseRef-Public-Domain
  purls: []
  size: 122354
  timestamp: 1728047496079
- conda: https://conda.anaconda.org/conda-forge/noarch/urllib3-2.3.0-pyhd8ed1ab_0.conda
  sha256: 114919ffa80c328127dab9c8e7a38f9d563c617691fb81fccb11c1e86763727e
  md5: 32674f8dbfb7b26410ed580dd3c10a29
  depends:
  - brotli-python >=1.0.9
  - h2 >=4,<5
  - pysocks >=1.5.6,<2.0,!=1.5.7
  - python >=3.9
  - zstandard >=0.18.0
  license: MIT
  license_family: MIT
  purls:
  - pkg:pypi/urllib3?source=hash-mapping
  size: 100102
  timestamp: 1734859520452
- conda: https://conda.anaconda.org/conda-forge/noarch/wcwidth-0.2.13-pyhd8ed1ab_1.conda
  sha256: f21e63e8f7346f9074fd00ca3b079bd3d2fa4d71f1f89d5b6934bf31446dc2a5
  md5: b68980f2495d096e71c7fd9d7ccf63e6
  depends:
  - python >=3.9
  license: MIT
  license_family: MIT
  purls:
  - pkg:pypi/wcwidth?source=hash-mapping
  size: 32581
  timestamp: 1733231433877
- conda: https://conda.anaconda.org/conda-forge/osx-64/zstandard-0.23.0-py313hab0894d_1.conda
  sha256: 4b976b0c6f5c1a2c94c5351fbc02b1cad44dbeaf2e288986827e8b2183a14ce6
  md5: 27fe151b0b0752c1ad1c47106855efd9
  depends:
  - __osx >=10.13
  - cffi >=1.11
  - python >=3.13.0rc1,<3.14.0a0
  - python_abi 3.13.* *_cp313
  - zstd >=1.5.6,<1.5.7.0a0
  - zstd >=1.5.6,<1.6.0a0
  license: BSD-3-Clause
  license_family: BSD
  purls:
  - pkg:pypi/zstandard?source=hash-mapping
  size: 417943
  timestamp: 1725305677487
- conda: https://conda.anaconda.org/conda-forge/osx-64/zstd-1.5.6-h915ae27_0.conda
  sha256: efa04a98cb149643fa54c4dad5a0179e36a5fbc88427ea0eec88ceed87fd0f96
  md5: 4cb2cd56f039b129bb0e491c1164167e
  depends:
  - __osx >=10.9
  - libzlib >=1.2.13,<2.0.0a0
  license: BSD-3-Clause
  license_family: BSD
  purls: []
  size: 498900
  timestamp: 1714723303098
